// !$*UTF8*$!
{
	archiveVersion = 1;
	classes = {
	};
	objectVersion = 50;
	objects = {

/* Begin PBXBuildFile section */
		95CCD0ED234F4E7F00B1DC24 /* AppDelegate.swift in Sources */ = {isa = PBXBuildFile; fileRef = 95CCD0EC234F4E7F00B1DC24 /* AppDelegate.swift */; };
		95CCD0EF234F4E7F00B1DC24 /* SceneDelegate.swift in Sources */ = {isa = PBXBuildFile; fileRef = 95CCD0EE234F4E7F00B1DC24 /* SceneDelegate.swift */; };
		95CCD0F1234F4E7F00B1DC24 /* ContentView.swift in Sources */ = {isa = PBXBuildFile; fileRef = 95CCD0F0234F4E7F00B1DC24 /* ContentView.swift */; };
		95CCD0F3234F4E7F00B1DC24 /* Assets.xcassets in Resources */ = {isa = PBXBuildFile; fileRef = 95CCD0F2234F4E7F00B1DC24 /* Assets.xcassets */; };
		95CCD0F6234F4E7F00B1DC24 /* Preview Assets.xcassets in Resources */ = {isa = PBXBuildFile; fileRef = 95CCD0F5234F4E7F00B1DC24 /* Preview Assets.xcassets */; };
		95CCD0F9234F4E7F00B1DC24 /* LaunchScreen.storyboard in Resources */ = {isa = PBXBuildFile; fileRef = 95CCD0F7234F4E7F00B1DC24 /* LaunchScreen.storyboard */; };
/* End PBXBuildFile section */

/* Begin PBXFileReference section */
		95CCD0E9234F4E7F00B1DC24 /* HowToUsePicker.app */ = {isa = PBXFileReference; explicitFileType = wrapper.application; includeInIndex = 0; path = HowToUsePicker.app; sourceTree = BUILT_PRODUCTS_DIR; };
		95CCD0EC234F4E7F00B1DC24 /* AppDelegate.swift */ = {isa = PBXFileReference; lastKnownFileType = sourcecode.swift; path = AppDelegate.swift; sourceTree = "<group>"; };
		95CCD0EE234F4E7F00B1DC24 /* SceneDelegate.swift */ = {isa = PBXFileReference; lastKnownFileType = sourcecode.swift; path = SceneDelegate.swift; sourceTree = "<group>"; };
		95CCD0F0234F4E7F00B1DC24 /* ContentView.swift */ = {isa = PBXFileReference; lastKnownFileType = sourcecode.swift; path = ContentView.swift; sourceTree = "<group>"; };
		95CCD0F2234F4E7F00B1DC24 /* Assets.xcassets */ = {isa = PBXFileReference; lastKnownFileType = folder.assetcatalog; path = Assets.xcassets; sourceTree = "<group>"; };
		95CCD0F5234F4E7F00B1DC24 /* Preview Assets.xcassets */ = {isa = PBXFileReference; lastKnownFileType = folder.assetcatalog; path = "Preview Assets.xcassets"; sourceTree = "<group>"; };
		95CCD0F8234F4E7F00B1DC24 /* Base */ = {isa = PBXFileReference; lastKnownFileType = file.storyboard; name = Base; path = Base.lproj/LaunchScreen.storyboard; sourceTree = "<group>"; };
		95CCD0FA234F4E7F00B1DC24 /* Info.plist */ = {isa = PBXFileReference; lastKnownFileType = text.plist.xml; path = Info.plist; sourceTree = "<group>"; };
/* End PBXFileReference section */

/* Begin PBXFrameworksBuildPhase section */
		95CCD0E6234F4E7F00B1DC24 /* Frameworks */ = {
			isa = PBXFrameworksBuildPhase;
			buildActionMask = 2147483647;
			files = (
			);
			runOnlyForDeploymentPostprocessing = 0;
		};
/* End PBXFrameworksBuildPhase section */

/* Begin PBXGroup section */
		95CCD0E0234F4E7F00B1DC24 = {
			isa = PBXGroup;
			children = (
				95CCD0EB234F4E7F00B1DC24 /* HowToUsePicker */,
				95CCD0EA234F4E7F00B1DC24 /* Products */,
			);
			sourceTree = "<group>";
		};
		95CCD0EA234F4E7F00B1DC24 /* Products */ = {
			isa = PBXGroup;
			children = (
				95CCD0E9234F4E7F00B1DC24 /* HowToUsePicker.app */,
			);
			name = Products;
			sourceTree = "<group>";
		};
		95CCD0EB234F4E7F00B1DC24 /* HowToUsePicker */ = {
			isa = PBXGroup;
			children = (
				95CCD0EC234F4E7F00B1DC24 /* AppDelegate.swift */,
				95CCD0EE234F4E7F00B1DC24 /* SceneDelegate.swift */,
				95CCD0F0234F4E7F00B1DC24 /* ContentView.swift */,
				95CCD0F2234F4E7F00B1DC24 /* Assets.xcassets */,
				95CCD0F7234F4E7F00B1DC24 /* LaunchScreen.storyboard */,
				95CCD0FA234F4E7F00B1DC24 /* Info.plist */,
				95CCD0F4234F4E7F00B1DC24 /* Preview Content */,
			);
			path = HowToUsePicker;
			sourceTree = "<group>";
		};
		95CCD0F4234F4E7F00B1DC24 /* Preview Content */ = {
			isa = PBXGroup;
			children = (
				95CCD0F5234F4E7F00B1DC24 /* Preview Assets.xcassets */,
			);
			path = "Preview Content";
			sourceTree = "<group>";
		};
/* End PBXGroup section */

/* Begin PBXNativeTarget section */
		95CCD0E8234F4E7F00B1DC24 /* HowToUsePicker */ = {
			isa = PBXNativeTarget;
			buildConfigurationList = 95CCD0FD234F4E7F00B1DC24 /* Build configuration list for PBXNativeTarget "HowToUsePicker" */;
			buildPhases = (
				95CCD0E5234F4E7F00B1DC24 /* Sources */,
				95CCD0E6234F4E7F00B1DC24 /* Frameworks */,
				95CCD0E7234F4E7F00B1DC24 /* Resources */,
			);
			buildRules = (
			);
			dependencies = (
			);
			name = HowToUsePicker;
			productName = HowToUsePicker;
			productReference = 95CCD0E9234F4E7F00B1DC24 /* HowToUsePicker.app */;
			productType = "com.apple.product-type.application";
		};
/* End PBXNativeTarget section */

/* Begin PBXProject section */
		95CCD0E1234F4E7F00B1DC24 /* Project object */ = {
			isa = PBXProject;
			attributes = {
				LastSwiftUpdateCheck = 1100;
				LastUpgradeCheck = 1100;
				ORGANIZATIONNAME = com.ri;
				TargetAttributes = {
					95CCD0E8234F4E7F00B1DC24 = {
						CreatedOnToolsVersion = 11.0;
					};
				};
			};
			buildConfigurationList = 95CCD0E4234F4E7F00B1DC24 /* Build configuration list for PBXProject "HowToUsePicker" */;
			compatibilityVersion = "Xcode 9.3";
			developmentRegion = en;
			hasScannedForEncodings = 0;
			knownRegions = (
				en,
				Base,
			);
			mainGroup = 95CCD0E0234F4E7F00B1DC24;
			productRefGroup = 95CCD0EA234F4E7F00B1DC24 /* Products */;
			projectDirPath = "";
			projectRoot = "";
			targets = (
				95CCD0E8234F4E7F00B1DC24 /* HowToUsePicker */,
			);
		};
/* End PBXProject section */

/* Begin PBXResourcesBuildPhase section */
		95CCD0E7234F4E7F00B1DC24 /* Resources */ = {
			isa = PBXResourcesBuildPhase;
			buildActionMask = 2147483647;
			files = (
				95CCD0F9234F4E7F00B1DC24 /* LaunchScreen.storyboard in Resources */,
				95CCD0F6234F4E7F00B1DC24 /* Preview Assets.xcassets in Resources */,
				95CCD0F3234F4E7F00B1DC24 /* Assets.xcassets in Resources */,
			);
			runOnlyForDeploymentPostprocessing = 0;
		};
/* End PBXResourcesBuildPhase section */

/* Begin PBXSourcesBuildPhase section */
		95CCD0E5234F4E7F00B1DC24 /* Sources */ = {
			isa = PBXSourcesBuildPhase;
			buildActionMask = 2147483647;
			files = (
				95CCD0ED234F4E7F00B1DC24 /* AppDelegate.swift in Sources */,
				95CCD0EF234F4E7F00B1DC24 /* SceneDelegate.swift in Sources */,
				95CCD0F1234F4E7F00B1DC24 /* ContentView.swift in Sources */,
			);
			runOnlyForDeploymentPostprocessing = 0;
		};
/* End PBXSourcesBuildPhase section */

/* Begin PBXVariantGroup section */
		95CCD0F7234F4E7F00B1DC24 /* LaunchScreen.storyboard */ = {
			isa = PBXVariantGroup;
			children = (
				95CCD0F8234F4E7F00B1DC24 /* Base */,
			);
			name = LaunchScreen.storyboard;
			sourceTree = "<group>";
		};
/* End PBXVariantGroup section */

/* Begin XCBuildConfiguration section */
		95CCD0FB234F4E7F00B1DC24 /* Debug */ = {
			isa = XCBuildConfiguration;
			buildSettings = {
				ALWAYS_SEARCH_USER_PATHS = NO;
				CLANG_ANALYZER_NONNULL = YES;
				CLANG_ANALYZER_NUMBER_OBJECT_CONVERSION = YES_AGGRESSIVE;
				CLANG_CXX_LANGUAGE_STANDARD = "gnu++14";
				CLANG_CXX_LIBRARY = "libc++";
				CLANG_ENABLE_MODULES = YES;
				CLANG_ENABLE_OBJC_ARC = YES;
				CLANG_ENABLE_OBJC_WEAK = YES;
				CLANG_WARN_BLOCK_CAPTURE_AUTORELEASING = YES;
				CLANG_WARN_BOOL_CONVERSION = YES;
				CLANG_WARN_COMMA = YES;
				CLANG_WARN_CONSTANT_CONVERSION = YES;
				CLANG_WARN_DEPRECATED_OBJC_IMPLEMENTATIONS = YES;
				CLANG_WARN_DIRECT_OBJC_ISA_USAGE = YES_ERROR;
				CLANG_WARN_DOCUMENTATION_COMMENTS = YES;
				CLANG_WARN_EMPTY_BODY = YES;
				CLANG_WARN_ENUM_CONVERSION = YES;
				CLANG_WARN_INFINITE_RECURSION = YES;
				CLANG_WARN_INT_CONVERSION = YES;
				CLANG_WARN_NON_LITERAL_NULL_CONVERSION = YES;
				CLANG_WARN_OBJC_IMPLICIT_RETAIN_SELF = YES;
				CLANG_WARN_OBJC_LITERAL_CONVERSION = YES;
				CLANG_WARN_OBJC_ROOT_CLASS = YES_ERROR;
				CLANG_WARN_RANGE_LOOP_ANALYSIS = YES;
				CLANG_WARN_STRICT_PROTOTYPES = YES;
				CLANG_WARN_SUSPICIOUS_MOVE = YES;
				CLANG_WARN_UNGUARDED_AVAILABILITY = YES_AGGRESSIVE;
				CLANG_WARN_UNREACHABLE_CODE = YES;
				CLANG_WARN__DUPLICATE_METHOD_MATCH = YES;
				COPY_PHASE_STRIP = NO;
				DEBUG_INFORMATION_FORMAT = dwarf;
				ENABLE_STRICT_OBJC_MSGSEND = YES;
				ENABLE_TESTABILITY = YES;
				GCC_C_LANGUAGE_STANDARD = gnu11;
				GCC_DYNAMIC_NO_PIC = NO;
				GCC_NO_COMMON_BLOCKS = YES;
				GCC_OPTIMIZATION_LEVEL = 0;
				GCC_PREPROCESSOR_DEFINITIONS = (
					"DEBUG=1",
					"$(inherited)",
				);
				GCC_WARN_64_TO_32_BIT_CONVERSION = YES;
				GCC_WARN_ABOUT_RETURN_TYPE = YES_ERROR;
				GCC_WARN_UNDECLARED_SELECTOR = YES;
				GCC_WARN_UNINITIALIZED_AUTOS = YES_AGGRESSIVE;
				GCC_WARN_UNUSED_FUNCTION = YES;
				GCC_WARN_UNUSED_VARIABLE = YES;
				IPHONEOS_DEPLOYMENT_TARGET = 13.0;
				MTL_ENABLE_DEBUG_INFO = INCLUDE_SOURCE;
				MTL_FAST_MATH = YES;
				ONLY_ACTIVE_ARCH = YES;
				SDKROOT = iphoneos;
				SWIFT_ACTIVE_COMPILATION_CONDITIONS = DEBUG;
				SWIFT_OPTIMIZATION_LEVEL = "-Onone";
			};
			name = Debug;
		};
		95CCD0FC234F4E7F00B1DC24 /* Release */ = {
			isa = XCBuildConfiguration;
			buildSettings = {
				ALWAYS_SEARCH_USER_PATHS = NO;
				CLANG_ANALYZER_NONNULL = YES;
				CLANG_ANALYZER_NUMBER_OBJECT_CONVERSION = YES_AGGRESSIVE;
				CLANG_CXX_LANGUAGE_STANDARD = "gnu++14";
				CLANG_CXX_LIBRARY = "libc++";
				CLANG_ENABLE_MODULES = YES;
				CLANG_ENABLE_OBJC_ARC = YES;
				CLANG_ENABLE_OBJC_WEAK = YES;
				CLANG_WARN_BLOCK_CAPTURE_AUTORELEASING = YES;
				CLANG_WARN_BOOL_CONVERSION = YES;
				CLANG_WARN_COMMA = YES;
				CLANG_WARN_CONSTANT_CONVERSION = YES;
				CLANG_WARN_DEPRECATED_OBJC_IMPLEMENTATIONS = YES;
				CLANG_WARN_DIRECT_OBJC_ISA_USAGE = YES_ERROR;
				CLANG_WARN_DOCUMENTATION_COMMENTS = YES;
				CLANG_WARN_EMPTY_BODY = YES;
				CLANG_WARN_ENUM_CONVERSION = YES;
				CLANG_WARN_INFINITE_RECURSION = YES;
				CLANG_WARN_INT_CONVERSION = YES;
				CLANG_WARN_NON_LITERAL_NULL_CONVERSION = YES;
				CLANG_WARN_OBJC_IMPLICIT_RETAIN_SELF = YES;
				CLANG_WARN_OBJC_LITERAL_CONVERSION = YES;
				CLANG_WARN_OBJC_ROOT_CLASS = YES_ERROR;
				CLANG_WARN_RANGE_LOOP_ANALYSIS = YES;
				CLANG_WARN_STRICT_PROTOTYPES = YES;
				CLANG_WARN_SUSPICIOUS_MOVE = YES;
				CLANG_WARN_UNGUARDED_AVAILABILITY = YES_AGGRESSIVE;
				CLANG_WARN_UNREACHABLE_CODE = YES;
				CLANG_WARN__DUPLICATE_METHOD_MATCH = YES;
				COPY_PHASE_STRIP = NO;
				DEBUG_INFORMATION_FORMAT = "dwarf-with-dsym";
				ENABLE_NS_ASSERTIONS = NO;
				ENABLE_STRICT_OBJC_MSGSEND = YES;
				GCC_C_LANGUAGE_STANDARD = gnu11;
				GCC_NO_COMMON_BLOCKS = YES;
				GCC_WARN_64_TO_32_BIT_CONVERSION = YES;
				GCC_WARN_ABOUT_RETURN_TYPE = YES_ERROR;
				GCC_WARN_UNDECLARED_SELECTOR = YES;
				GCC_WARN_UNINITIALIZED_AUTOS = YES_AGGRESSIVE;
				GCC_WARN_UNUSED_FUNCTION = YES;
				GCC_WARN_UNUSED_VARIABLE = YES;
				IPHONEOS_DEPLOYMENT_TARGET = 13.0;
				MTL_ENABLE_DEBUG_INFO = NO;
				MTL_FAST_MATH = YES;
				SDKROOT = iphoneos;
				SWIFT_COMPILATION_MODE = wholemodule;
				SWIFT_OPTIMIZATION_LEVEL = "-O";
				VALIDATE_PRODUCT = YES;
			};
			name = Release;
		};
		95CCD0FE234F4E7F00B1DC24 /* Debug */ = {
			isa = XCBuildConfiguration;
			buildSettings = {
				ASSETCATALOG_COMPILER_APPICON_NAME = AppIcon;
				CODE_SIGN_STYLE = Automatic;
				DEVELOPMENT_ASSET_PATHS = "\"HowToUsePicker/Preview Content\"";
				DEVELOPMENT_TEAM = L8W86DZDY2;
				ENABLE_PREVIEWS = YES;
				INFOPLIST_FILE = HowToUsePicker/Info.plist;
				LD_RUNPATH_SEARCH_PATHS = (
					"$(inherited)",
					"@executable_path/Frameworks",
				);
				PRODUCT_BUNDLE_IDENTIFIER = com.ri.HowToUsePicker;
				PRODUCT_NAME = "$(TARGET_NAME)";
				SWIFT_VERSION = 5.0;
				TARGETED_DEVICE_FAMILY = "1,2";
			};
			name = Debug;
		};
		95CCD0FF234F4E7F00B1DC24 /* Release */ = {
			isa = XCBuildConfiguration;
			buildSettings = {
				ASSETCATALOG_COMPILER_APPICON_NAME = AppIcon;
				CODE_SIGN_STYLE = Automatic;
				DEVELOPMENT_ASSET_PATHS = "\"HowToUsePicker/Preview Content\"";
				DEVELOPMENT_TEAM = L8W86DZDY2;
				ENABLE_PREVIEWS = YES;
				INFOPLIST_FILE = HowToUsePicker/Info.plist;
				LD_RUNPATH_SEARCH_PATHS = (
					"$(inherited)",
					"@executable_path/Frameworks",
				);
				PRODUCT_BUNDLE_IDENTIFIER = com.ri.HowToUsePicker;
				PRODUCT_NAME = "$(TARGET_NAME)";
				SWIFT_VERSION = 5.0;
				TARGETED_DEVICE_FAMILY = "1,2";
			};
			name = Release;
		};
/* End XCBuildConfiguration section */

/* Begin XCConfigurationList section */
		95CCD0E4234F4E7F00B1DC24 /* Build configuration list for PBXProject "HowToUsePicker" */ = {
			isa = XCConfigurationList;
			buildConfigurations = (
				95CCD0FB234F4E7F00B1DC24 /* Debug */,
				95CCD0FC234F4E7F00B1DC24 /* Release */,
			);
			defaultConfigurationIsVisible = 0;
			defaultConfigurationName = Release;
		};
		95CCD0FD234F4E7F00B1DC24 /* Build configuration list for PBXNativeTarget "HowToUsePicker" */ = {
			isa = XCConfigurationList;
			buildConfigurations = (
				95CCD0FE234F4E7F00B1DC24 /* Debug */,
				95CCD0FF234F4E7F00B1DC24 /* Release */,
			);
			defaultConfigurationIsVisible = 0;
			defaultConfigurationName = Release;
		};
/* End XCConfigurationList section */
	};
	rootObject = 95CCD0E1234F4E7F00B1DC24 /* Project object */;
}
